
Microsoft Visual Studio Solution File, Format Version 12.00
# Visual Studio 15
Project("{FAE04EC0-301F-11D3-BF4B-00C04F79EFBC}") = "Assembly-CSharp", "Assembly-CSharp.csproj", "{B2A286A6-E69C-52AC-9FD5-B7EA8A48F07C}"
EndProject
Project("{FAE04EC0-301F-11D3-BF4B-00C04F79EFBC}") = "Assembly-CSharp-firstpass", "Assembly-CSharp-firstpass.csproj", "{AB6268A2-0453-F305-AC31-AAED3EA4BDDF}"
EndProject
Project("{FAE04EC0-301F-11D3-BF4B-00C04F79EFBC}") = "Assembly-CSharp-Editor-firstpass", "Assembly-CSharp-Editor-firstpass.csproj", "{AE105EB0-9E78-78A8-F6DC-2D2817983E97}"
EndProject
Project("{FAE04EC0-301F-11D3-BF4B-00C04F79EFBC}") = "Assembly-CSharp-Editor", "Assembly-CSharp-Editor.csproj", "{959BF6DB-7B52-63CC-6A18-2EC4655870E6}"
EndProject
Global
	GlobalSection(SolutionConfigurationPlatforms) = preSolution
		Debug|Any CPU = Debug|Any CPU
		Release|Any CPU = Release|Any CPU
	EndGlobalSection
	GlobalSection(ProjectConfigurationPlatforms) = postSolution
		{B2A286A6-E69C-52AC-9FD5-B7EA8A48F07C}.Debug|Any CPU.ActiveCfg = Debug|Any CPU
		{B2A286A6-E69C-52AC-9FD5-B7EA8A48F07C}.Debug|Any CPU.Build.0 = Debug|Any CPU
		{B2A286A6-E69C-52AC-9FD5-B7EA8A48F07C}.Release|Any CPU.ActiveCfg = Release|Any CPU
		{B2A286A6-E69C-52AC-9FD5-B7EA8A48F07C}.Release|Any CPU.Build.0 = Release|Any CPU
		{AB6268A2-0453-F305-AC31-AAED3EA4BDDF}.Debug|Any CPU.ActiveCfg = Debug|Any CPU
		{AB6268A2-0453-F305-AC31-AAED3EA4BDDF}.Debug|Any CPU.Build.0 = Debug|Any CPU
		{AB6268A2-0453-F305-AC31-AAED3EA4BDDF}.Release|Any CPU.ActiveCfg = Release|Any CPU
		{AB6268A2-0453-F305-AC31-AAED3EA4BDDF}.Release|Any CPU.Build.0 = Release|Any CPU
		{AE105EB0-9E78-78A8-F6DC-2D2817983E97}.Debug|Any CPU.ActiveCfg = Debug|Any CPU
		{AE105EB0-9E78-78A8-F6DC-2D2817983E97}.Debug|Any CPU.Build.0 = Debug|Any CPU
		{AE105EB0-9E78-78A8-F6DC-2D2817983E97}.Release|Any CPU.ActiveCfg = Release|Any CPU
		{AE105EB0-9E78-78A8-F6DC-2D2817983E97}.Release|Any CPU.Build.0 = Release|Any CPU
		{959BF6DB-7B52-63CC-6A18-2EC4655870E6}.Debug|Any CPU.ActiveCfg = Debug|Any CPU
		{959BF6DB-7B52-63CC-6A18-2EC4655870E6}.Debug|Any CPU.Build.0 = Debug|Any CPU
		{959BF6DB-7B52-63CC-6A18-2EC4655870E6}.Release|Any CPU.ActiveCfg = Release|Any CPU
		{959BF6DB-7B52-63CC-6A18-2EC4655870E6}.Release|Any CPU.Build.0 = Release|Any CPU
	EndGlobalSection
	GlobalSection(SolutionProperties) = preSolution
		HideSolutionNode = FALSE
	EndGlobalSection
EndGlobal
